github.com/jemus42/hugo-rstats-pkg-meta v0.0.0-20200525194323-0b79d850372a h1:r+TAvKOPlbs9q5A/m82nG62QvOtn2FpT54ptgKLnb+c=
github.com/jemus42/hugo-rstats-pkg-meta v0.0.0-20200525194323-0b79d850372a/go.mod h1:PrEpovXbxofb9xztAfBHvGswrTx9w/z442zdx/bmeuk=
github.com/jemus42/hugo-rstats-pkg-meta v0.0.0-20200526005112-812ac64c405e h1:NucBDOAac76CVyYMP6cmr+J4EiT6R5Wx5ShtNGe90Fk=
github.com/jemus42/hugo-rstats-pkg-meta v0.0.0-20200526005112-812ac64c405e/go.mod h1:PrEpovXbxofb9xztAfBHvGswrTx9w/z442zdx/bmeuk=
github.com/jemus42/hugo-rstats-pkg-meta v0.0.0-20200526142308-80ea9f4a2145 h1:nFlQ6xtNkW/GRQ6Dkey9F0upWIAh8EjvWgJw8AajFbU=
github.com/jemus42/hugo-rstats-pkg-meta v0.0.0-20200526142308-80ea9f4a2145/go.mod h1:PrEpovXbxofb9xztAfBHvGswrTx9w/z442zdx/bmeuk=
github.com/jemus42/jemsugo v0.0.0-20200525015555-48ab98146ba1 h1:nWxxYXiKJNbsseZy73RLFlhLfXk6R00DHki/w3yy3Ig=
github.com/jemus42/jemsugo v0.0.0-20200525015555-48ab98146ba1/go.mod h1:HjtOwFIJRB1dCLfmIKr/Hxp/uhLq6yl6iyqF6A4+nW8=
github.com/jemus42/jemsugo v0.0.0-20200525233421-44bd506487f5/go.mod h1:HjtOwFIJRB1dCLfmIKr/Hxp/uhLq6yl6iyqF6A4+nW8=
github.com/jemus42/jemsugo v0.0.0-20200526211019-1a0aa9eaea23 h1:FFrpnw3CxOg7ZUF8WkNBgkcY+BEtNlu7G1ibqT5WwMA=
github.com/jemus42/jemsugo v0.0.0-20200526211019-1a0aa9eaea23/go.mod h1:HjtOwFIJRB1dCLfmIKr/Hxp/uhLq6yl6iyqF6A4+nW8=
github.com/jemus42/jemsugo v0.0.0-20200526230503-489f42f492db h1:lR3lQS+ZBLtBgeU9ssPUUTlzWALFk2m5VYImlhmLx7Y=
github.com/jemus42/jemsugo v0.0.0-20200526230503-489f42f492db/go.mod h1:HjtOwFIJRB1dCLfmIKr/Hxp/uhLq6yl6iyqF6A4+nW8=
github.com/jemus42/jemsugo v0.0.0-20200527001558-23a58a7ea1e0 h1:OMIU+TfBlb61Yc+mIIO9yU9JkQS20CBihQlNjZZBBmY=
github.com/jemus42/jemsugo v0.0.0-20200527001558-23a58a7ea1e0/go.mod h1:HjtOwFIJRB1dCLfmIKr/Hxp/uhLq6yl6iyqF6A4+nW8=
github.com/luizdepra/hugo-coder v0.0.0-20200521121849-ff8d5364ad00 h1:/3yMMHH7DrvGdwFZcKj09Y38S3RBVksq3IBrQJuD9w0=
github.com/luizdepra/hugo-coder v0.0.0-20200521121849-ff8d5364ad00/go.mod h1:6nu/OxeF5LLM5MBhpzTM40kZi80qCHPm2IXxHI0H+KA=
github.com/luizdepra/hugo-coder v0.0.0-20200525134138-9d1ba9d21d2d h1:JQZm6xFqD53PEtaKcK0Nz7YUYcfydw5wBFmiNB0reXg=
github.com/luizdepra/hugo-coder v0.0.0-20200525134138-9d1ba9d21d2d/go.mod h1:6nu/OxeF5LLM5MBhpzTM40kZi80qCHPm2IXxHI0H+KA=
